Microsoft Visual Studio Solution File, Format Version 12.00
# Visual Studio Version 17
VisualStudioVersion = 17.5.2.0
MinimumVisualStudioVersion = 10.0.40219.1
Project("{FAE04EC0-301F-11D3-BF4B-00C04F79EFBC}") = "PasswordGeneratorApi", "PasswordGeneratorApi.csproj", "{07EF4D32-7B5F-5B15-1F20-41F3E2BD479F}"
EndProject
Global
	GlobalSection(SolutionConfigurationPlatforms) = preSolution
		Debug|Any CPU = Debug|Any CPU
		Release|Any CPU = Release|Any CPU
	EndGlobalSection
	GlobalSection(ProjectConfigurationPlatforms) = postSolution
		{07EF4D32-7B5F-5B15-1F20-41F3E2BD479F}.Debug|Any CPU.ActiveCfg = Debug|Any CPU
		{07EF4D32-7B5F-5B15-1F20-41F3E2BD479F}.Debug|Any CPU.Build.0 = Debug|Any CPU
		{07EF4D32-7B5F-5B15-1F20-41F3E2BD479F}.Release|Any CPU.ActiveCfg = Release|Any CPU
		{07EF4D32-7B5F-5B15-1F20-41F3E2BD479F}.Release|Any CPU.Build.0 = Release|Any CPU
	EndGlobalSection
	GlobalSection(SolutionProperties) = preSolution
		HideSolutionNode = FALSE
	EndGlobalSection
	GlobalSection(ExtensibilityGlobals) = postSolution
		SolutionGuid = {B6DEB345-4741-484E-8253-41502B89062A}
	EndGlobalSection
EndGlobal
